
Microsoft Visual Studio Solution File, Format Version 12.00
# Visual Studio Version 17
VisualStudioVersion = 17.11.35312.102
MinimumVisualStudioVersion = 10.0.40219.1
Project("{888888A0-9F3D-457C-B088-3A5042F75D52}") = "CodePathGroupsFall24", "CodePathGroups\CodePathGroupsFall24.pyproj", "{210D3FA5-7DD3-4F5B-9EA5-C57C121A40F9}"
EndProject
Global
	GlobalSection(SolutionConfigurationPlatforms) = preSolution
		Debug|Any CPU = Debug|Any CPU
		Release|Any CPU = Release|Any CPU
	EndGlobalSection
	GlobalSection(ProjectConfigurationPlatforms) = postSolution
		{210D3FA5-7DD3-4F5B-9EA5-C57C121A40F9}.Debug|Any CPU.ActiveCfg = Debug|Any CPU
		{210D3FA5-7DD3-4F5B-9EA5-C57C121A40F9}.Release|Any CPU.ActiveCfg = Release|Any CPU
	EndGlobalSection
	GlobalSection(SolutionProperties) = preSolution
		HideSolutionNode = FALSE
	EndGlobalSection
	GlobalSection(ExtensibilityGlobals) = postSolution
		SolutionGuid = {BB0A6394-B9A6-4BCD-8FBE-0A09D34119E8}
	EndGlobalSection
EndGlobal
